
Microsoft Visual Studio Solution File, Format Version 11.00
# Visual Studio 2010
Project("{FAE04EC0-301F-11D3-BF4B-00C04F79EFBC}") = "Qubit", "Qubit\Qubit.csproj", "{BD7D899A-66D8-477F-8E0E-4F510CD9060B}"
EndProject
Project("{FAE04EC0-301F-11D3-BF4B-00C04F79EFBC}") = "TestQubit", "TestQubit\TestQubit.csproj", "{2B1F4BEC-C178-4E6D-93E5-52E0DF8A8AC3}"
EndProject
Global
	GlobalSection(TeamFoundationVersionControl) = preSolution
		SccNumberOfProjects = 3
		SccEnterpriseProvider = {4CA58AB2-18FA-4F8D-95D4-32DDF27D184C}
		SccTeamFoundationServer = https://tfs.codeplex.com/tfs/tfs11
		SccLocalPath0 = .
		SccProjectUniqueName1 = Qubit\\Qubit.csproj
		SccProjectName1 = Qubit
		SccLocalPath1 = Qubit
		SccProjectUniqueName2 = TestQubit\\TestQubit.csproj
		SccProjectName2 = TestQubit
		SccLocalPath2 = TestQubit
	EndGlobalSection
	GlobalSection(SolutionConfigurationPlatforms) = preSolution
		Debug|Any CPU = Debug|Any CPU
		Debug|Mixed Platforms = Debug|Mixed Platforms
		Debug|x86 = Debug|x86
		Release|Any CPU = Release|Any CPU
		Release|Mixed Platforms = Release|Mixed Platforms
		Release|x86 = Release|x86
	EndGlobalSection
	GlobalSection(ProjectConfigurationPlatforms) = postSolution
		{BD7D899A-66D8-477F-8E0E-4F510CD9060B}.Debug|Any CPU.ActiveCfg = Debug|Any CPU
		{BD7D899A-66D8-477F-8E0E-4F510CD9060B}.Debug|Any CPU.Build.0 = Debug|Any CPU
		{BD7D899A-66D8-477F-8E0E-4F510CD9060B}.Debug|Mixed Platforms.ActiveCfg = Debug|Any CPU
		{BD7D899A-66D8-477F-8E0E-4F510CD9060B}.Debug|Mixed Platforms.Build.0 = Debug|Any CPU
		{BD7D899A-66D8-477F-8E0E-4F510CD9060B}.Debug|x86.ActiveCfg = Debug|Any CPU
		{BD7D899A-66D8-477F-8E0E-4F510CD9060B}.Release|Any CPU.ActiveCfg = Release|Any CPU
		{BD7D899A-66D8-477F-8E0E-4F510CD9060B}.Release|Any CPU.Build.0 = Release|Any CPU
		{BD7D899A-66D8-477F-8E0E-4F510CD9060B}.Release|Mixed Platforms.ActiveCfg = Release|Any CPU
		{BD7D899A-66D8-477F-8E0E-4F510CD9060B}.Release|Mixed Platforms.Build.0 = Release|Any CPU
		{BD7D899A-66D8-477F-8E0E-4F510CD9060B}.Release|x86.ActiveCfg = Release|Any CPU
		{2B1F4BEC-C178-4E6D-93E5-52E0DF8A8AC3}.Debug|Any CPU.ActiveCfg = Debug|x86
		{2B1F4BEC-C178-4E6D-93E5-52E0DF8A8AC3}.Debug|Mixed Platforms.ActiveCfg = Debug|x86
		{2B1F4BEC-C178-4E6D-93E5-52E0DF8A8AC3}.Debug|Mixed Platforms.Build.0 = Debug|x86
		{2B1F4BEC-C178-4E6D-93E5-52E0DF8A8AC3}.Debug|x86.ActiveCfg = Debug|x86
		{2B1F4BEC-C178-4E6D-93E5-52E0DF8A8AC3}.Debug|x86.Build.0 = Debug|x86
		{2B1F4BEC-C178-4E6D-93E5-52E0DF8A8AC3}.Release|Any CPU.ActiveCfg = Release|x86
		{2B1F4BEC-C178-4E6D-93E5-52E0DF8A8AC3}.Release|Mixed Platforms.ActiveCfg = Release|x86
		{2B1F4BEC-C178-4E6D-93E5-52E0DF8A8AC3}.Release|Mixed Platforms.Build.0 = Release|x86
		{2B1F4BEC-C178-4E6D-93E5-52E0DF8A8AC3}.Release|x86.ActiveCfg = Release|x86
		{2B1F4BEC-C178-4E6D-93E5-52E0DF8A8AC3}.Release|x86.Build.0 = Release|x86
	EndGlobalSection
	GlobalSection(SolutionProperties) = preSolution
		HideSolutionNode = FALSE
	EndGlobalSection
EndGlobal
